// !$*UTF8*$!
{
	archiveVersion = 1;
	classes = {
	};
	objectVersion = 63;
	objects = {

/* Begin PBXBuildFile section */
		00DD99CC88BB77AA66FF55EE /* BookCameraView.swift in Sources */ = {isa = PBXBuildFile; fileRef = EE55FF66AA77BB88CC99DD00 /* BookCameraView.swift */; };
		0D3565F555FAF8A4515B77B5 /* Assets.xcassets in Resources */ = {isa = PBXBuildFile; fileRef = AC8A94A8155AC365E45F0239 /* Assets.xcassets */; };
		66FF55EE44DD33CC22BB11AA /* MainTabView.swift in Sources */ = {isa = PBXBuildFile; fileRef = AA11BB22CC33DD44EE55FF66 /* MainTabView.swift */; };
		77AA66FF55EE44DD33CC22BB /* ProfileView.swift in Sources */ = {isa = PBXBuildFile; fileRef = BB22CC33DD44EE55FF66AA77 /* ProfileView.swift */; };
		78CD1AA33C4880D7D4BF71DD /* PrimaryButton.swift in Sources */ = {isa = PBXBuildFile; fileRef = 3EC9DD5B3B79BDA2ABD8927E /* PrimaryButton.swift */; };
		790CE1BB9BA68A65F1FF247E /* AuthViewModel.swift in Sources */ = {isa = PBXBuildFile; fileRef = 95B58C3AB2F8FB727F7DE4B2 /* AuthViewModel.swift */; };
		88BB77AA66FF55EE44DD33CC /* BookDetailsView.swift in Sources */ = {isa = PBXBuildFile; fileRef = CC33DD44EE55FF66AA77BB88 /* BookDetailsView.swift */; };
		99CC88BB77AA66FF55EE44DD /* TakePhotosView.swift in Sources */ = {isa = PBXBuildFile; fileRef = DD44EE55FF66AA77BB88CC99 /* TakePhotosView.swift */; };
		9B75AA1BFAD23A7A164A505A /* CreateAccountView.swift in Sources */ = {isa = PBXBuildFile; fileRef = 311004A53C198165F16DA876 /* CreateAccountView.swift */; };
		A3F2E1D0C9B8A7F6E5D4C3B2 /* LinkBankAccountView.swift in Sources */ = {isa = PBXBuildFile; fileRef = B2C3D4E5F6A7B8C9D0E1F2A3 /* LinkBankAccountView.swift */; };
		ACF6525FC41274FBE3C7B4ED /* UnderlineTextField.swift in Sources */ = {isa = PBXBuildFile; fileRef = 704CC9D4BAA0F80D2124D846 /* UnderlineTextField.swift */; };
		B138859B828A350ECB1DD58F /* LoginView.swift in Sources */ = {isa = PBXBuildFile; fileRef = F33BBFC9281C2EC14EB0B1F1 /* LoginView.swift */; };
		B3628808E1985227EC4E030A /* ContentView.swift in Sources */ = {isa = PBXBuildFile; fileRef = 10D9F43580DA615D8B6D69CC /* ContentView.swift */; };
		B4A3F2E1D0C9B8A7F6E5D4C3 /* PlaidIntroView.swift in Sources */ = {isa = PBXBuildFile; fileRef = C3D4E5F6A7B8C9D0E1F2A3B4 /* PlaidIntroView.swift */; };
		C5B4A3F2E1D0C9B8A7F6E5D4 /* PlaidBankSelectionView.swift in Sources */ = {isa = PBXBuildFile; fileRef = D4E5F6A7B8C9D0E1F2A3B4C5 /* PlaidBankSelectionView.swift */; };
		CBA6534A4043D41B000E688B /* BookAppApp.swift in Sources */ = {isa = PBXBuildFile; fileRef = F38AB250C91DC38A324DD858 /* BookAppApp.swift */; };
		D65AA6F51A4395A7D2547B25 /* ForgotPasswordView.swift in Sources */ = {isa = PBXBuildFile; fileRef = 6133252D56CEDBB5B3383031 /* ForgotPasswordView.swift */; };
		D6C5B4A3F2E1D0C9B8A7F6E5 /* OnboardingView.swift in Sources */ = {isa = PBXBuildFile; fileRef = E5F6A7B8C9D0E1F2A3B4C5D6 /* OnboardingView.swift */; };
		F2E1D0C9B8A7F6E5D4C3B2A1 /* SetUpStoreView.swift in Sources */ = {isa = PBXBuildFile; fileRef = A1B2C3D4E5F6A7B8C9D0E1F2 /* SetUpStoreView.swift */; };
		1FEEDDCCBBAA00998877665F /* AddPriceView.swift in Sources */ = {isa = PBXBuildFile; fileRef = FF6677889900AABBCCDDEEF1 /* AddPriceView.swift */; };
		2FB011223344556677889AAF /* ReviewListingView.swift in Sources */ = {isa = PBXBuildFile; fileRef = AA9988776655443322110BF2 /* ReviewListingView.swift */; };
		01FE90DC78BA56FE34DC12AB /* ProfileInfoView.swift in Sources */ = {isa = PBXBuildFile; fileRef = AB12CD34EF56AB78CD90EF01 /* ProfileInfoView.swift */; };
		12AB01EF89CB67AB45ED23BC /* BalanceTransfersView.swift in Sources */ = {isa = PBXBuildFile; fileRef = BC23DE45FA67BC89DE01FA12 /* BalanceTransfersView.swift */; };
		23BC12FA90DC78BC56FE34CD /* BankingSetupView.swift in Sources */ = {isa = PBXBuildFile; fileRef = CD34EF56AB78CD90EF01AB23 /* BankingSetupView.swift */; };
		34AB23BC01FA89DE67FA45DE /* ActiveListingsView.swift in Sources */ = {isa = PBXBuildFile; fileRef = DE45FA67BC89DE01FA23AB34 /* ActiveListingsView.swift */; };
		45BC23AB01EF90CD78AB56EF /* ReturnAddressView.swift in Sources */ = {isa = PBXBuildFile; fileRef = EF56AB78CD90EF01AB23BC45 /* ReturnAddressView.swift */; };
		56CD34BC12FA01DE89BC67FA /* TransactionHistoryView.swift in Sources */ = {isa = PBXBuildFile; fileRef = FA67BC89DE01FA12BC34CD56 /* TransactionHistoryView.swift */; };
		67DE45CD23AB12EF90CD78AB /* NotificationsView.swift in Sources */ = {isa = PBXBuildFile; fileRef = AB78CD90EF12AB23CD45DE67 /* NotificationsView.swift */; };
		78EF56DE34CD12BC90AB78FA /* SupportListView.swift in Sources */ = {isa = PBXBuildFile; fileRef = 5A1B2C3D4E5F6A7B8C9D0E1F /* SupportListView.swift */; };
		89FA67EF45DE23CD01BC89AB /* SupportMessageView.swift in Sources */ = {isa = PBXBuildFile; fileRef = 6B2C3D4E5F6A7B8C9D0E1F2A /* SupportMessageView.swift */; };
		9A8B7C6D5E4F3A2B1C0D9E8F /* AgreementsView.swift in Sources */ = {isa = PBXBuildFile; fileRef = 7C3A4B5D6E7F8A9B0C1D2E3F /* AgreementsView.swift */; };
		A1B2C3D4E5F6071829304A5B /* EarningsView.swift in Sources */ = {isa = PBXBuildFile; fileRef = 8D4B5C6A7E8F9A0B1C2D3E4F /* EarningsView.swift */; };
/* End PBXBuildFile section */

/* Begin PBXFileReference section */
		10D9F43580DA615D8B6D69CC /* ContentView.swift */ = {isa = PBXFileReference; lastKnownFileType = sourcecode.swift; path = ContentView.swift; sourceTree = "<group>"; };
		311004A53C198165F16DA876 /* CreateAccountView.swift */ = {isa = PBXFileReference; lastKnownFileType = sourcecode.swift; path = CreateAccountView.swift; sourceTree = "<group>"; };
		3EC9DD5B3B79BDA2ABD8927E /* PrimaryButton.swift */ = {isa = PBXFileReference; lastKnownFileType = sourcecode.swift; path = PrimaryButton.swift; sourceTree = "<group>"; };
		6133252D56CEDBB5B3383031 /* ForgotPasswordView.swift */ = {isa = PBXFileReference; lastKnownFileType = sourcecode.swift; path = ForgotPasswordView.swift; sourceTree = "<group>"; };
		704CC9D4BAA0F80D2124D846 /* UnderlineTextField.swift */ = {isa = PBXFileReference; lastKnownFileType = sourcecode.swift; path = UnderlineTextField.swift; sourceTree = "<group>"; };
		79CCFFDC224855117DE53A7E /* BookApp.app */ = {isa = PBXFileReference; explicitFileType = wrapper.application; includeInIndex = 0; path = BookApp.app; sourceTree = BUILT_PRODUCTS_DIR; };
		95B58C3AB2F8FB727F7DE4B2 /* AuthViewModel.swift */ = {isa = PBXFileReference; lastKnownFileType = sourcecode.swift; path = AuthViewModel.swift; sourceTree = "<group>"; };
		A1B2C3D4E5F6A7B8C9D0E1F2 /* SetUpStoreView.swift */ = {isa = PBXFileReference; lastKnownFileType = sourcecode.swift; path = SetUpStoreView.swift; sourceTree = "<group>"; };
		AA11BB22CC33DD44EE55FF66 /* MainTabView.swift */ = {isa = PBXFileReference; lastKnownFileType = sourcecode.swift; path = MainTabView.swift; sourceTree = "<group>"; };
		AC8A94A8155AC365E45F0239 /* Assets.xcassets */ = {isa = PBXFileReference; lastKnownFileType = folder.assetcatalog; path = Assets.xcassets; sourceTree = "<group>"; };
		B2C3D4E5F6A7B8C9D0E1F2A3 /* LinkBankAccountView.swift */ = {isa = PBXFileReference; lastKnownFileType = sourcecode.swift; path = LinkBankAccountView.swift; sourceTree = "<group>"; };
		BB22CC33DD44EE55FF66AA77 /* ProfileView.swift */ = {isa = PBXFileReference; lastKnownFileType = sourcecode.swift; path = ProfileView.swift; sourceTree = "<group>"; };
		C3D4E5F6A7B8C9D0E1F2A3B4 /* PlaidIntroView.swift */ = {isa = PBXFileReference; lastKnownFileType = sourcecode.swift; path = PlaidIntroView.swift; sourceTree = "<group>"; };
		CC33DD44EE55FF66AA77BB88 /* BookDetailsView.swift */ = {isa = PBXFileReference; lastKnownFileType = sourcecode.swift; path = BookDetailsView.swift; sourceTree = "<group>"; };
		D4E5F6A7B8C9D0E1F2A3B4C5 /* PlaidBankSelectionView.swift */ = {isa = PBXFileReference; lastKnownFileType = sourcecode.swift; path = PlaidBankSelectionView.swift; sourceTree = "<group>"; };
		DD44EE55FF66AA77BB88CC99 /* TakePhotosView.swift */ = {isa = PBXFileReference; lastKnownFileType = sourcecode.swift; path = TakePhotosView.swift; sourceTree = "<group>"; };
		E5F6A7B8C9D0E1F2A3B4C5D6 /* OnboardingView.swift */ = {isa = PBXFileReference; lastKnownFileType = sourcecode.swift; path = OnboardingView.swift; sourceTree = "<group>"; };
		EE55FF66AA77BB88CC99DD00 /* BookCameraView.swift */ = {isa = PBXFileReference; lastKnownFileType = sourcecode.swift; path = BookCameraView.swift; sourceTree = "<group>"; };
		F33BBFC9281C2EC14EB0B1F1 /* LoginView.swift */ = {isa = PBXFileReference; lastKnownFileType = sourcecode.swift; path = LoginView.swift; sourceTree = "<group>"; };
		F38AB250C91DC38A324DD858 /* BookAppApp.swift */ = {isa = PBXFileReference; lastKnownFileType = sourcecode.swift; path = BookAppApp.swift; sourceTree = "<group>"; };
		FF6677889900AABBCCDDEEF1 /* AddPriceView.swift */ = {isa = PBXFileReference; lastKnownFileType = sourcecode.swift; path = AddPriceView.swift; sourceTree = "<group>"; };
		AA9988776655443322110BF2 /* ReviewListingView.swift */ = {isa = PBXFileReference; lastKnownFileType = sourcecode.swift; path = ReviewListingView.swift; sourceTree = "<group>"; };
		AB12CD34EF56AB78CD90EF01 /* ProfileInfoView.swift */ = {isa = PBXFileReference; lastKnownFileType = sourcecode.swift; path = ProfileInfoView.swift; sourceTree = "<group>"; };
		BC23DE45FA67BC89DE01FA12 /* BalanceTransfersView.swift */ = {isa = PBXFileReference; lastKnownFileType = sourcecode.swift; path = BalanceTransfersView.swift; sourceTree = "<group>"; };
		CD34EF56AB78CD90EF01AB23 /* BankingSetupView.swift */ = {isa = PBXFileReference; lastKnownFileType = sourcecode.swift; path = BankingSetupView.swift; sourceTree = "<group>"; };
		DE45FA67BC89DE01FA23AB34 /* ActiveListingsView.swift */ = {isa = PBXFileReference; lastKnownFileType = sourcecode.swift; path = ActiveListingsView.swift; sourceTree = "<group>"; };
		EF56AB78CD90EF01AB23BC45 /* ReturnAddressView.swift */ = {isa = PBXFileReference; lastKnownFileType = sourcecode.swift; path = ReturnAddressView.swift; sourceTree = "<group>"; };
		FA67BC89DE01FA12BC34CD56 /* TransactionHistoryView.swift */ = {isa = PBXFileReference; lastKnownFileType = sourcecode.swift; path = TransactionHistoryView.swift; sourceTree = "<group>"; };
		AB78CD90EF12AB23CD45DE67 /* NotificationsView.swift */ = {isa = PBXFileReference; lastKnownFileType = sourcecode.swift; path = NotificationsView.swift; sourceTree = "<group>"; };
		5A1B2C3D4E5F6A7B8C9D0E1F /* SupportListView.swift */ = {isa = PBXFileReference; lastKnownFileType = sourcecode.swift; path = SupportListView.swift; sourceTree = "<group>"; };
		6B2C3D4E5F6A7B8C9D0E1F2A /* SupportMessageView.swift */ = {isa = PBXFileReference; lastKnownFileType = sourcecode.swift; path = SupportMessageView.swift; sourceTree = "<group>"; };
		7C3A4B5D6E7F8A9B0C1D2E3F /* AgreementsView.swift */ = {isa = PBXFileReference; lastKnownFileType = sourcecode.swift; path = AgreementsView.swift; sourceTree = "<group>"; };
		8D4B5C6A7E8F9A0B1C2D3E4F /* EarningsView.swift */ = {isa = PBXFileReference; lastKnownFileType = sourcecode.swift; path = EarningsView.swift; sourceTree = "<group>"; };
/* End PBXFileReference section */

/* Begin PBXGroup section */
		672976DCDD59E48D84D508F5 = {
			isa = PBXGroup;
			children = (
				DC077FDC7AC37C9055C99051 /* BookApp */,
				B22D6179B0DFAFA8762D57B8 /* Products */,
			);
			sourceTree = "<group>";
		};
		7067890B7364B8707F7766CB /* Components */ = {
			isa = PBXGroup;
			children = (
				3EC9DD5B3B79BDA2ABD8927E /* PrimaryButton.swift */,
				704CC9D4BAA0F80D2124D846 /* UnderlineTextField.swift */,
			);
			path = Components;
			sourceTree = "<group>";
		};
		953F3C6FDFAF989C9BF92BBD /* ViewModels */ = {
			isa = PBXGroup;
			children = (
				95B58C3AB2F8FB727F7DE4B2 /* AuthViewModel.swift */,
			);
			path = ViewModels;
			sourceTree = "<group>";
		};
		981E580715ADE78D1BDBD5E0 /* Views */ = {
			isa = PBXGroup;
			children = (
				DE45FA67BC89DE01FA23AB34 /* ActiveListingsView.swift */,
				FF6677889900AABBCCDDEEF1 /* AddPriceView.swift */,
				7C3A4B5D6E7F8A9B0C1D2E3F /* AgreementsView.swift */,
				8D4B5C6A7E8F9A0B1C2D3E4F /* EarningsView.swift */,
				311004A53C198165F16DA876 /* CreateAccountView.swift */,
				6133252D56CEDBB5B3383031 /* ForgotPasswordView.swift */,
				B2C3D4E5F6A7B8C9D0E1F2A3 /* LinkBankAccountView.swift */,
				F33BBFC9281C2EC14EB0B1F1 /* LoginView.swift */,
				E5F6A7B8C9D0E1F2A3B4C5D6 /* OnboardingView.swift */,
				D4E5F6A7B8C9D0E1F2A3B4C5 /* PlaidBankSelectionView.swift */,
				C3D4E5F6A7B8C9D0E1F2A3B4 /* PlaidIntroView.swift */,
				A1B2C3D4E5F6A7B8C9D0E1F2 /* SetUpStoreView.swift */,
				CC33DD44EE55FF66AA77BB88 /* BookDetailsView.swift */,
				EE55FF66AA77BB88CC99DD00 /* BookCameraView.swift */,
				AA11BB22CC33DD44EE55FF66 /* MainTabView.swift */,
				BB22CC33DD44EE55FF66AA77 /* ProfileView.swift */,
				AA9988776655443322110BF2 /* ReviewListingView.swift */,
				DD44EE55FF66AA77BB88CC99 /* TakePhotosView.swift */,
				AB12CD34EF56AB78CD90EF01 /* ProfileInfoView.swift */,
				BC23DE45FA67BC89DE01FA12 /* BalanceTransfersView.swift */,
				CD34EF56AB78CD90EF01AB23 /* BankingSetupView.swift */,
				AB78CD90EF12AB23CD45DE67 /* NotificationsView.swift */,
				EF56AB78CD90EF01AB23BC45 /* ReturnAddressView.swift */,
				FA67BC89DE01FA12BC34CD56 /* TransactionHistoryView.swift */,
				5A1B2C3D4E5F6A7B8C9D0E1F /* SupportListView.swift */,
				6B2C3D4E5F6A7B8C9D0E1F2A /* SupportMessageView.swift */,
			);
			path = Views;
			sourceTree = "<group>";
		};
		B22D6179B0DFAFA8762D57B8 /* Products */ = {
			isa = PBXGroup;
			children = (
				79CCFFDC224855117DE53A7E /* BookApp.app */,
			);
			name = Products;
			sourceTree = "<group>";
		};
		DC077FDC7AC37C9055C99051 /* BookApp */ = {
			isa = PBXGroup;
			children = (
				AC8A94A8155AC365E45F0239 /* Assets.xcassets */,
				F38AB250C91DC38A324DD858 /* BookAppApp.swift */,
				10D9F43580DA615D8B6D69CC /* ContentView.swift */,
				7067890B7364B8707F7766CB /* Components */,
				953F3C6FDFAF989C9BF92BBD /* ViewModels */,
				981E580715ADE78D1BDBD5E0 /* Views */,
			);
			path = BookApp;
			sourceTree = "<group>";
		};
/* End PBXGroup section */

/* Begin PBXNativeTarget section */
		8A721CDE421A4A4E994DA0BC /* BookApp */ = {
			isa = PBXNativeTarget;
			buildConfigurationList = C287E315FF35B871E1786296 /* Build configuration list for PBXNativeTarget "BookApp" */;
			buildPhases = (
				82E0ADBC3DEA1A2F10F40A86 /* Sources */,
				1F52EDD7AB31CA319E98C050 /* Resources */,
			);
			buildRules = (
			);
			dependencies = (
			);
			name = BookApp;
			packageProductDependencies = (
			);
			productName = BookApp;
			productReference = 79CCFFDC224855117DE53A7E /* BookApp.app */;
			productType = "com.apple.product-type.application";
		};
/* End PBXNativeTarget section */

/* Begin PBXProject section */
		EF87E5543C095F5583590569 /* Project object */ = {
			isa = PBXProject;
			attributes = {
				BuildIndependentTargetsInParallel = YES;
				LastUpgradeCheck = 2620;
			};
			buildConfigurationList = CD8CE6BAC3FD002EA3116672 /* Build configuration list for PBXProject "BookApp" */;
			compatibilityVersion = "Xcode 14.0";
			developmentRegion = en;
			hasScannedForEncodings = 0;
			knownRegions = (
				Base,
				en,
			);
			mainGroup = 672976DCDD59E48D84D508F5;
			minimizedProjectReferenceProxies = 1;
			projectDirPath = "";
			projectRoot = "";
			targets = (
				8A721CDE421A4A4E994DA0BC /* BookApp */,
			);
		};
/* End PBXProject section */

/* Begin PBXResourcesBuildPhase section */
		1F52EDD7AB31CA319E98C050 /* Resources */ = {
			isa = PBXResourcesBuildPhase;
			buildActionMask = 2147483647;
			files = (
				0D3565F555FAF8A4515B77B5 /* Assets.xcassets in Resources */,
			);
			runOnlyForDeploymentPostprocessing = 0;
		};
/* End PBXResourcesBuildPhase section */

/* Begin PBXSourcesBuildPhase section */
		82E0ADBC3DEA1A2F10F40A86 /* Sources */ = {
			isa = PBXSourcesBuildPhase;
			buildActionMask = 2147483647;
			files = (
				790CE1BB9BA68A65F1FF247E /* AuthViewModel.swift in Sources */,
				CBA6534A4043D41B000E688B /* BookAppApp.swift in Sources */,
				B3628808E1985227EC4E030A /* ContentView.swift in Sources */,
				9B75AA1BFAD23A7A164A505A /* CreateAccountView.swift in Sources */,
				D65AA6F51A4395A7D2547B25 /* ForgotPasswordView.swift in Sources */,
				B138859B828A350ECB1DD58F /* LoginView.swift in Sources */,
				78CD1AA33C4880D7D4BF71DD /* PrimaryButton.swift in Sources */,
				ACF6525FC41274FBE3C7B4ED /* UnderlineTextField.swift in Sources */,
				A3F2E1D0C9B8A7F6E5D4C3B2 /* LinkBankAccountView.swift in Sources */,
				D6C5B4A3F2E1D0C9B8A7F6E5 /* OnboardingView.swift in Sources */,
				C5B4A3F2E1D0C9B8A7F6E5D4 /* PlaidBankSelectionView.swift in Sources */,
				B4A3F2E1D0C9B8A7F6E5D4C3 /* PlaidIntroView.swift in Sources */,
				F2E1D0C9B8A7F6E5D4C3B2A1 /* SetUpStoreView.swift in Sources */,
				66FF55EE44DD33CC22BB11AA /* MainTabView.swift in Sources */,
				77AA66FF55EE44DD33CC22BB /* ProfileView.swift in Sources */,
				88BB77AA66FF55EE44DD33CC /* BookDetailsView.swift in Sources */,
				99CC88BB77AA66FF55EE44DD /* TakePhotosView.swift in Sources */,
				00DD99CC88BB77AA66FF55EE /* BookCameraView.swift in Sources */,
				1FEEDDCCBBAA00998877665F /* AddPriceView.swift in Sources */,
				2FB011223344556677889AAF /* ReviewListingView.swift in Sources */,
				01FE90DC78BA56FE34DC12AB /* ProfileInfoView.swift in Sources */,
				12AB01EF89CB67AB45ED23BC /* BalanceTransfersView.swift in Sources */,
				23BC12FA90DC78BC56FE34CD /* BankingSetupView.swift in Sources */,
				34AB23BC01FA89DE67FA45DE /* ActiveListingsView.swift in Sources */,
				45BC23AB01EF90CD78AB56EF /* ReturnAddressView.swift in Sources */,
				56CD34BC12FA01DE89BC67FA /* TransactionHistoryView.swift in Sources */,
				67DE45CD23AB12EF90CD78AB /* NotificationsView.swift in Sources */,
				78EF56DE34CD12BC90AB78FA /* SupportListView.swift in Sources */,
				89FA67EF45DE23CD01BC89AB /* SupportMessageView.swift in Sources */,
				9A8B7C6D5E4F3A2B1C0D9E8F /* AgreementsView.swift in Sources */,
				A1B2C3D4E5F6071829304A5B /* EarningsView.swift in Sources */,
			);
			runOnlyForDeploymentPostprocessing = 0;
		};
/* End PBXSourcesBuildPhase section */

/* Begin XCBuildConfiguration section */
		3CA1B57B05181199CB7C1C24 /* Release */ = {
			isa = XCBuildConfiguration;
			buildSettings = {
				ALWAYS_SEARCH_USER_PATHS = NO;
				CLANG_ANALYZER_NONNULL = YES;
				CLANG_ANALYZER_NUMBER_OBJECT_CONVERSION = YES_AGGRESSIVE;
				CLANG_CXX_LANGUAGE_STANDARD = "gnu++14";
				CLANG_CXX_LIBRARY = "libc++";
				CLANG_ENABLE_MODULES = YES;
				CLANG_ENABLE_OBJC_ARC = YES;
				CLANG_ENABLE_OBJC_WEAK = YES;
				CLANG_WARN_BLOCK_CAPTURE_AUTORELEASING = YES;
				CLANG_WARN_BOOL_CONVERSION = YES;
				CLANG_WARN_COMMA = YES;
				CLANG_WARN_CONSTANT_CONVERSION = YES;
				CLANG_WARN_DEPRECATED_OBJC_IMPLEMENTATIONS = YES;
				CLANG_WARN_DIRECT_OBJC_ISA_USAGE = YES_ERROR;
				CLANG_WARN_DOCUMENTATION_COMMENTS = YES;
				CLANG_WARN_EMPTY_BODY = YES;
				CLANG_WARN_ENUM_CONVERSION = YES;
				CLANG_WARN_INFINITE_RECURSION = YES;
				CLANG_WARN_INT_CONVERSION = YES;
				CLANG_WARN_NON_LITERAL_NULL_CONVERSION = YES;
				CLANG_WARN_OBJC_IMPLICIT_RETAIN_SELF = YES;
				CLANG_WARN_OBJC_LITERAL_CONVERSION = YES;
				CLANG_WARN_OBJC_ROOT_CLASS = YES_ERROR;
				CLANG_WARN_QUOTED_INCLUDE_IN_FRAMEWORK_HEADER = YES;
				CLANG_WARN_RANGE_LOOP_ANALYSIS = YES;
				CLANG_WARN_STRICT_PROTOTYPES = YES;
				CLANG_WARN_SUSPICIOUS_MOVE = YES;
				CLANG_WARN_UNGUARDED_AVAILABILITY = YES_AGGRESSIVE;
				CLANG_WARN_UNREACHABLE_CODE = YES;
				CLANG_WARN__DUPLICATE_METHOD_MATCH = YES;
				COPY_PHASE_STRIP = NO;
				DEBUG_INFORMATION_FORMAT = "dwarf-with-dsym";
				ENABLE_NS_ASSERTIONS = NO;
				ENABLE_STRICT_OBJC_MSGSEND = YES;
				ENABLE_USER_SCRIPT_SANDBOXING = YES;
				GCC_C_LANGUAGE_STANDARD = gnu11;
				GCC_NO_COMMON_BLOCKS = YES;
				GCC_WARN_64_TO_32_BIT_CONVERSION = YES;
				GCC_WARN_ABOUT_RETURN_TYPE = YES_ERROR;
				GCC_WARN_UNDECLARED_SELECTOR = YES;
				GCC_WARN_UNINITIALIZED_AUTOS = YES_AGGRESSIVE;
				GCC_WARN_UNUSED_FUNCTION = YES;
				GCC_WARN_UNUSED_VARIABLE = YES;
				IPHONEOS_DEPLOYMENT_TARGET = 17.0;
				MTL_ENABLE_DEBUG_INFO = NO;
				MTL_FAST_MATH = YES;
				PRODUCT_NAME = "$(TARGET_NAME)";
				SDKROOT = iphoneos;
				STRING_CATALOG_GENERATE_SYMBOLS = YES;
				SWIFT_COMPILATION_MODE = wholemodule;
				SWIFT_OPTIMIZATION_LEVEL = "-O";
				SWIFT_VERSION = 5.9;
				TARGETED_DEVICE_FAMILY = 1;
			};
			name = Release;
		};
		3F4C36F4A1B4DF2ED1971B48 /* Debug */ = {
			isa = XCBuildConfiguration;
			buildSettings = {
				ASSETCATALOG_COMPILER_APPICON_NAME = AppIcon;
				ASSETCATALOG_COMPILER_GLOBAL_ACCENT_COLOR_NAME = AccentColor;
				CODE_SIGN_IDENTITY = "iPhone Developer";
				GENERATE_INFOPLIST_FILE = YES;
				INFOPLIST_KEY_NSCameraUsageDescription = "This app needs camera access to take photos of books for your listings.";
				INFOPLIST_KEY_UIApplicationSceneManifest_Generation = YES;
				INFOPLIST_KEY_UIApplicationSupportsIndirectInputEvents = YES;
				INFOPLIST_KEY_UILaunchScreen_Generation = YES;
				INFOPLIST_KEY_UISupportedInterfaceOrientations_iPad = "UIInterfaceOrientationPortrait UIInterfaceOrientationPortraitUpsideDown UIInterfaceOrientationLandscapeLeft UIInterfaceOrientationLandscapeRight";
				INFOPLIST_KEY_UISupportedInterfaceOrientations_iPhone = UIInterfaceOrientationPortrait;
				LD_RUNPATH_SEARCH_PATHS = (
					"$(inherited)",
					"@executable_path/Frameworks",
				);
				PRODUCT_BUNDLE_IDENTIFIER = com.bookapp.BookApp;
				SDKROOT = iphoneos;
				TARGETED_DEVICE_FAMILY = "1,2";
			};
			name = Debug;
		};
		7D601C4D54CEFC5B207C4AD3 /* Release */ = {
			isa = XCBuildConfiguration;
			buildSettings = {
				ASSETCATALOG_COMPILER_APPICON_NAME = AppIcon;
				ASSETCATALOG_COMPILER_GLOBAL_ACCENT_COLOR_NAME = AccentColor;
				CODE_SIGN_IDENTITY = "iPhone Developer";
				GENERATE_INFOPLIST_FILE = YES;
				INFOPLIST_KEY_NSCameraUsageDescription = "This app needs camera access to take photos of books for your listings.";
				INFOPLIST_KEY_UIApplicationSceneManifest_Generation = YES;
				INFOPLIST_KEY_UIApplicationSupportsIndirectInputEvents = YES;
				INFOPLIST_KEY_UILaunchScreen_Generation = YES;
				INFOPLIST_KEY_UISupportedInterfaceOrientations_iPad = "UIInterfaceOrientationPortrait UIInterfaceOrientationPortraitUpsideDown UIInterfaceOrientationLandscapeLeft UIInterfaceOrientationLandscapeRight";
				INFOPLIST_KEY_UISupportedInterfaceOrientations_iPhone = UIInterfaceOrientationPortrait;
				LD_RUNPATH_SEARCH_PATHS = (
					"$(inherited)",
					"@executable_path/Frameworks",
				);
				PRODUCT_BUNDLE_IDENTIFIER = com.bookapp.BookApp;
				SDKROOT = iphoneos;
				TARGETED_DEVICE_FAMILY = "1,2";
			};
			name = Release;
		};
		CD2BA25765AF972C787A04F2 /* Debug */ = {
			isa = XCBuildConfiguration;
			buildSettings = {
				ALWAYS_SEARCH_USER_PATHS = NO;
				CLANG_ANALYZER_NONNULL = YES;
				CLANG_ANALYZER_NUMBER_OBJECT_CONVERSION = YES_AGGRESSIVE;
				CLANG_CXX_LANGUAGE_STANDARD = "gnu++14";
				CLANG_CXX_LIBRARY = "libc++";
				CLANG_ENABLE_MODULES = YES;
				CLANG_ENABLE_OBJC_ARC = YES;
				CLANG_ENABLE_OBJC_WEAK = YES;
				CLANG_WARN_BLOCK_CAPTURE_AUTORELEASING = YES;
				CLANG_WARN_BOOL_CONVERSION = YES;
				CLANG_WARN_COMMA = YES;
				CLANG_WARN_CONSTANT_CONVERSION = YES;
				CLANG_WARN_DEPRECATED_OBJC_IMPLEMENTATIONS = YES;
				CLANG_WARN_DIRECT_OBJC_ISA_USAGE = YES_ERROR;
				CLANG_WARN_DOCUMENTATION_COMMENTS = YES;
				CLANG_WARN_EMPTY_BODY = YES;
				CLANG_WARN_ENUM_CONVERSION = YES;
				CLANG_WARN_INFINITE_RECURSION = YES;
				CLANG_WARN_INT_CONVERSION = YES;
				CLANG_WARN_NON_LITERAL_NULL_CONVERSION = YES;
				CLANG_WARN_OBJC_IMPLICIT_RETAIN_SELF = YES;
				CLANG_WARN_OBJC_LITERAL_CONVERSION = YES;
				CLANG_WARN_OBJC_ROOT_CLASS = YES_ERROR;
				CLANG_WARN_QUOTED_INCLUDE_IN_FRAMEWORK_HEADER = YES;
				CLANG_WARN_RANGE_LOOP_ANALYSIS = YES;
				CLANG_WARN_STRICT_PROTOTYPES = YES;
				CLANG_WARN_SUSPICIOUS_MOVE = YES;
				CLANG_WARN_UNGUARDED_AVAILABILITY = YES_AGGRESSIVE;
				CLANG_WARN_UNREACHABLE_CODE = YES;
				CLANG_WARN__DUPLICATE_METHOD_MATCH = YES;
				COPY_PHASE_STRIP = NO;
				DEBUG_INFORMATION_FORMAT = dwarf;
				ENABLE_STRICT_OBJC_MSGSEND = YES;
				ENABLE_TESTABILITY = YES;
				ENABLE_USER_SCRIPT_SANDBOXING = YES;
				GCC_C_LANGUAGE_STANDARD = gnu11;
				GCC_DYNAMIC_NO_PIC = NO;
				GCC_NO_COMMON_BLOCKS = YES;
				GCC_OPTIMIZATION_LEVEL = 0;
				GCC_PREPROCESSOR_DEFINITIONS = (
					"$(inherited)",
					"DEBUG=1",
				);
				GCC_WARN_64_TO_32_BIT_CONVERSION = YES;
				GCC_WARN_ABOUT_RETURN_TYPE = YES_ERROR;
				GCC_WARN_UNDECLARED_SELECTOR = YES;
				GCC_WARN_UNINITIALIZED_AUTOS = YES_AGGRESSIVE;
				GCC_WARN_UNUSED_FUNCTION = YES;
				GCC_WARN_UNUSED_VARIABLE = YES;
				IPHONEOS_DEPLOYMENT_TARGET = 17.0;
				MTL_ENABLE_DEBUG_INFO = INCLUDE_SOURCE;
				MTL_FAST_MATH = YES;
				ONLY_ACTIVE_ARCH = YES;
				PRODUCT_NAME = "$(TARGET_NAME)";
				SDKROOT = iphoneos;
				STRING_CATALOG_GENERATE_SYMBOLS = YES;
				SWIFT_ACTIVE_COMPILATION_CONDITIONS = DEBUG;
				SWIFT_OPTIMIZATION_LEVEL = "-Onone";
				SWIFT_VERSION = 5.9;
				TARGETED_DEVICE_FAMILY = 1;
			};
			name = Debug;
		};
/* End XCBuildConfiguration section */

/* Begin XCConfigurationList section */
		C287E315FF35B871E1786296 /* Build configuration list for PBXNativeTarget "BookApp" */ = {
			isa = XCConfigurationList;
			buildConfigurations = (
				3F4C36F4A1B4DF2ED1971B48 /* Debug */,
				7D601C4D54CEFC5B207C4AD3 /* Release */,
			);
			defaultConfigurationIsVisible = 0;
			defaultConfigurationName = Debug;
		};
		CD8CE6BAC3FD002EA3116672 /* Build configuration list for PBXProject "BookApp" */ = {
			isa = XCConfigurationList;
			buildConfigurations = (
				CD2BA25765AF972C787A04F2 /* Debug */,
				3CA1B57B05181199CB7C1C24 /* Release */,
			);
			defaultConfigurationIsVisible = 0;
			defaultConfigurationName = Debug;
		};
/* End XCConfigurationList section */
	};
	rootObject = EF87E5543C095F5583590569 /* Project object */;
}
